
Microsoft Visual Studio Solution File, Format Version 12.00
Project("{FAE04EC0-301F-11D3-BF4B-00C04F79EFBC}") = "Przykładowy_kolos", "Przykładowy_kolos\Przykładowy_kolos.csproj", "{77748CA9-148A-4CA5-94CB-F2D85D6AE0E8}"
EndProject
Global
	GlobalSection(SolutionConfigurationPlatforms) = preSolution
		Debug|Any CPU = Debug|Any CPU
		Release|Any CPU = Release|Any CPU
	EndGlobalSection
	GlobalSection(ProjectConfigurationPlatforms) = postSolution
		{77748CA9-148A-4CA5-94CB-F2D85D6AE0E8}.Debug|Any CPU.ActiveCfg = Debug|Any CPU
		{77748CA9-148A-4CA5-94CB-F2D85D6AE0E8}.Debug|Any CPU.Build.0 = Debug|Any CPU
		{77748CA9-148A-4CA5-94CB-F2D85D6AE0E8}.Release|Any CPU.ActiveCfg = Release|Any CPU
		{77748CA9-148A-4CA5-94CB-F2D85D6AE0E8}.Release|Any CPU.Build.0 = Release|Any CPU
	EndGlobalSection
EndGlobal
